// !$*UTF8*$!
{
	archiveVersion = 1;
	classes = {
	};
	objectVersion = 55;
	objects = {

/* Begin PBXBuildFile section */
		8232142529CB87E90049D225 /* AppDelegate.swift in Sources */ = {isa = PBXBuildFile; fileRef = 8232142429CB87E90049D225 /* AppDelegate.swift */; };
		8232142729CB87E90049D225 /* SceneDelegate.swift in Sources */ = {isa = PBXBuildFile; fileRef = 8232142629CB87E90049D225 /* SceneDelegate.swift */; };
		8232142929CB87E90049D225 /* ViewController.swift in Sources */ = {isa = PBXBuildFile; fileRef = 8232142829CB87E90049D225 /* ViewController.swift */; };
		8232142C29CB87E90049D225 /* Main.storyboard in Resources */ = {isa = PBXBuildFile; fileRef = 8232142A29CB87E90049D225 /* Main.storyboard */; };
		8232142E29CB87EA0049D225 /* Assets.xcassets in Resources */ = {isa = PBXBuildFile; fileRef = 8232142D29CB87EA0049D225 /* Assets.xcassets */; };
		8232143129CB87EA0049D225 /* LaunchScreen.storyboard in Resources */ = {isa = PBXBuildFile; fileRef = 8232142F29CB87EA0049D225 /* LaunchScreen.storyboard */; };
		8232143F29CB96F40049D225 /* MainTabController.swift in Sources */ = {isa = PBXBuildFile; fileRef = 8232143E29CB96F40049D225 /* MainTabController.swift */; };
		8232144129CB99840049D225 /* FeedController.swift in Sources */ = {isa = PBXBuildFile; fileRef = 8232144029CB99840049D225 /* FeedController.swift */; };
		8232144329CB99950049D225 /* SearchController.swift in Sources */ = {isa = PBXBuildFile; fileRef = 8232144229CB99950049D225 /* SearchController.swift */; };
		8232144529CB99AA0049D225 /* ImageSelectorController.swift in Sources */ = {isa = PBXBuildFile; fileRef = 8232144429CB99AA0049D225 /* ImageSelectorController.swift */; };
		8232144729CB99C30049D225 /* NotificationController.swift in Sources */ = {isa = PBXBuildFile; fileRef = 8232144629CB99C30049D225 /* NotificationController.swift */; };
		8232144929CB99CF0049D225 /* ProfileController.swift in Sources */ = {isa = PBXBuildFile; fileRef = 8232144829CB99CF0049D225 /* ProfileController.swift */; };
		8232144B29CC59430049D225 /* FeedCell.swift in Sources */ = {isa = PBXBuildFile; fileRef = 8232144A29CC59430049D225 /* FeedCell.swift */; };
		8232144D29CC5C130049D225 /* Extensions.swift in Sources */ = {isa = PBXBuildFile; fileRef = 8232144C29CC5C130049D225 /* Extensions.swift */; };
		8232145029CC5EE80049D225 /* JGProgressHUD in Frameworks */ = {isa = PBXBuildFile; productRef = 8232144F29CC5EE80049D225 /* JGProgressHUD */; };
/* End PBXBuildFile section */

/* Begin PBXFileReference section */
		8232142129CB87E90049D225 /* InstagramCloneMVVM.app */ = {isa = PBXFileReference; explicitFileType = wrapper.application; includeInIndex = 0; path = InstagramCloneMVVM.app; sourceTree = BUILT_PRODUCTS_DIR; };
		8232142429CB87E90049D225 /* AppDelegate.swift */ = {isa = PBXFileReference; lastKnownFileType = sourcecode.swift; path = AppDelegate.swift; sourceTree = "<group>"; };
		8232142629CB87E90049D225 /* SceneDelegate.swift */ = {isa = PBXFileReference; lastKnownFileType = sourcecode.swift; path = SceneDelegate.swift; sourceTree = "<group>"; };
		8232142829CB87E90049D225 /* ViewController.swift */ = {isa = PBXFileReference; lastKnownFileType = sourcecode.swift; path = ViewController.swift; sourceTree = "<group>"; };
		8232142B29CB87E90049D225 /* Base */ = {isa = PBXFileReference; lastKnownFileType = file.storyboard; name = Base; path = Base.lproj/Main.storyboard; sourceTree = "<group>"; };
		8232142D29CB87EA0049D225 /* Assets.xcassets */ = {isa = PBXFileReference; lastKnownFileType = folder.assetcatalog; path = Assets.xcassets; sourceTree = "<group>"; };
		8232143029CB87EA0049D225 /* Base */ = {isa = PBXFileReference; lastKnownFileType = file.storyboard; name = Base; path = Base.lproj/LaunchScreen.storyboard; sourceTree = "<group>"; };
		8232143229CB87EA0049D225 /* Info.plist */ = {isa = PBXFileReference; lastKnownFileType = text.plist.xml; path = Info.plist; sourceTree = "<group>"; };
		8232143E29CB96F40049D225 /* MainTabController.swift */ = {isa = PBXFileReference; lastKnownFileType = sourcecode.swift; path = MainTabController.swift; sourceTree = "<group>"; };
		8232144029CB99840049D225 /* FeedController.swift */ = {isa = PBXFileReference; lastKnownFileType = sourcecode.swift; path = FeedController.swift; sourceTree = "<group>"; };
		8232144229CB99950049D225 /* SearchController.swift */ = {isa = PBXFileReference; lastKnownFileType = sourcecode.swift; path = SearchController.swift; sourceTree = "<group>"; };
		8232144429CB99AA0049D225 /* ImageSelectorController.swift */ = {isa = PBXFileReference; lastKnownFileType = sourcecode.swift; path = ImageSelectorController.swift; sourceTree = "<group>"; };
		8232144629CB99C30049D225 /* NotificationController.swift */ = {isa = PBXFileReference; lastKnownFileType = sourcecode.swift; path = NotificationController.swift; sourceTree = "<group>"; };
		8232144829CB99CF0049D225 /* ProfileController.swift */ = {isa = PBXFileReference; lastKnownFileType = sourcecode.swift; path = ProfileController.swift; sourceTree = "<group>"; };
		8232144A29CC59430049D225 /* FeedCell.swift */ = {isa = PBXFileReference; lastKnownFileType = sourcecode.swift; path = FeedCell.swift; sourceTree = "<group>"; };
		8232144C29CC5C130049D225 /* Extensions.swift */ = {isa = PBXFileReference; lastKnownFileType = sourcecode.swift; path = Extensions.swift; sourceTree = "<group>"; };
/* End PBXFileReference section */

/* Begin PBXFrameworksBuildPhase section */
		8232141E29CB87E90049D225 /* Frameworks */ = {
			isa = PBXFrameworksBuildPhase;
			buildActionMask = 2147483647;
			files = (
				8232145029CC5EE80049D225 /* JGProgressHUD in Frameworks */,
			);
			runOnlyForDeploymentPostprocessing = 0;
		};
/* End PBXFrameworksBuildPhase section */

/* Begin PBXGroup section */
		8232141829CB87E90049D225 = {
			isa = PBXGroup;
			children = (
				8232142329CB87E90049D225 /* InstagramCloneMVVM */,
				8232142229CB87E90049D225 /* Products */,
			);
			sourceTree = "<group>";
		};
		8232142229CB87E90049D225 /* Products */ = {
			isa = PBXGroup;
			children = (
				8232142129CB87E90049D225 /* InstagramCloneMVVM.app */,
			);
			name = Products;
			sourceTree = "<group>";
		};
		8232142329CB87E90049D225 /* InstagramCloneMVVM */ = {
			isa = PBXGroup;
			children = (
				8232143D29CB95BE0049D225 /* Model */,
				8232143C29CB95AB0049D225 /* View */,
				8232143B29CB95A80049D225 /* ViewModel */,
				8232143A29CB95A60049D225 /* Controller */,
				8232143929CB95A10049D225 /* API */,
				8232143829CB95070049D225 /* Utils */,
				8232142429CB87E90049D225 /* AppDelegate.swift */,
				8232142629CB87E90049D225 /* SceneDelegate.swift */,
				8232142829CB87E90049D225 /* ViewController.swift */,
				8232142A29CB87E90049D225 /* Main.storyboard */,
				8232142D29CB87EA0049D225 /* Assets.xcassets */,
				8232142F29CB87EA0049D225 /* LaunchScreen.storyboard */,
				8232143229CB87EA0049D225 /* Info.plist */,
			);
			path = InstagramCloneMVVM;
			sourceTree = "<group>";
		};
		8232143829CB95070049D225 /* Utils */ = {
			isa = PBXGroup;
			children = (
				8232144C29CC5C130049D225 /* Extensions.swift */,
			);
			path = Utils;
			sourceTree = "<group>";
		};
		8232143929CB95A10049D225 /* API */ = {
			isa = PBXGroup;
			children = (
			);
			path = API;
			sourceTree = "<group>";
		};
		8232143A29CB95A60049D225 /* Controller */ = {
			isa = PBXGroup;
			children = (
				8232143E29CB96F40049D225 /* MainTabController.swift */,
				8232144029CB99840049D225 /* FeedController.swift */,
				8232144229CB99950049D225 /* SearchController.swift */,
				8232144429CB99AA0049D225 /* ImageSelectorController.swift */,
				8232144629CB99C30049D225 /* NotificationController.swift */,
				8232144829CB99CF0049D225 /* ProfileController.swift */,
			);
			path = Controller;
			sourceTree = "<group>";
		};
		8232143B29CB95A80049D225 /* ViewModel */ = {
			isa = PBXGroup;
			children = (
			);
			path = ViewModel;
			sourceTree = "<group>";
		};
		8232143C29CB95AB0049D225 /* View */ = {
			isa = PBXGroup;
			children = (
				8232144A29CC59430049D225 /* FeedCell.swift */,
			);
			path = View;
			sourceTree = "<group>";
		};
		8232143D29CB95BE0049D225 /* Model */ = {
			isa = PBXGroup;
			children = (
			);
			path = Model;
			sourceTree = "<group>";
		};
/* End PBXGroup section */

/* Begin PBXNativeTarget section */
		8232142029CB87E90049D225 /* InstagramCloneMVVM */ = {
			isa = PBXNativeTarget;
			buildConfigurationList = 8232143529CB87EA0049D225 /* Build configuration list for PBXNativeTarget "InstagramCloneMVVM" */;
			buildPhases = (
				8232141D29CB87E90049D225 /* Sources */,
				8232141E29CB87E90049D225 /* Frameworks */,
				8232141F29CB87E90049D225 /* Resources */,
			);
			buildRules = (
			);
			dependencies = (
			);
			name = InstagramCloneMVVM;
			packageProductDependencies = (
				8232144F29CC5EE80049D225 /* JGProgressHUD */,
			);
			productName = InstagramCloneMVVM;
			productReference = 8232142129CB87E90049D225 /* InstagramCloneMVVM.app */;
			productType = "com.apple.product-type.application";
		};
/* End PBXNativeTarget section */

/* Begin PBXProject section */
		8232141929CB87E90049D225 /* Project object */ = {
			isa = PBXProject;
			attributes = {
				BuildIndependentTargetsInParallel = 1;
				LastSwiftUpdateCheck = 1340;
				LastUpgradeCheck = 1340;
				TargetAttributes = {
					8232142029CB87E90049D225 = {
						CreatedOnToolsVersion = 13.4.1;
					};
				};
			};
			buildConfigurationList = 8232141C29CB87E90049D225 /* Build configuration list for PBXProject "InstagramCloneMVVM" */;
			compatibilityVersion = "Xcode 13.0";
			developmentRegion = en;
			hasScannedForEncodings = 0;
			knownRegions = (
				en,
				Base,
			);
			mainGroup = 8232141829CB87E90049D225;
			packageReferences = (
				8232144E29CC5EE80049D225 /* XCRemoteSwiftPackageReference "JGProgressHUD" */,
			);
			productRefGroup = 8232142229CB87E90049D225 /* Products */;
			projectDirPath = "";
			projectRoot = "";
			targets = (
				8232142029CB87E90049D225 /* InstagramCloneMVVM */,
			);
		};
/* End PBXProject section */

/* Begin PBXResourcesBuildPhase section */
		8232141F29CB87E90049D225 /* Resources */ = {
			isa = PBXResourcesBuildPhase;
			buildActionMask = 2147483647;
			files = (
				8232143129CB87EA0049D225 /* LaunchScreen.storyboard in Resources */,
				8232142E29CB87EA0049D225 /* Assets.xcassets in Resources */,
				8232142C29CB87E90049D225 /* Main.storyboard in Resources */,
			);
			runOnlyForDeploymentPostprocessing = 0;
		};
/* End PBXResourcesBuildPhase section */

/* Begin PBXSourcesBuildPhase section */
		8232141D29CB87E90049D225 /* Sources */ = {
			isa = PBXSourcesBuildPhase;
			buildActionMask = 2147483647;
			files = (
				8232142929CB87E90049D225 /* ViewController.swift in Sources */,
				8232144B29CC59430049D225 /* FeedCell.swift in Sources */,
				8232144529CB99AA0049D225 /* ImageSelectorController.swift in Sources */,
				8232144729CB99C30049D225 /* NotificationController.swift in Sources */,
				8232144329CB99950049D225 /* SearchController.swift in Sources */,
				8232142529CB87E90049D225 /* AppDelegate.swift in Sources */,
				8232144929CB99CF0049D225 /* ProfileController.swift in Sources */,
				8232144129CB99840049D225 /* FeedController.swift in Sources */,
				8232143F29CB96F40049D225 /* MainTabController.swift in Sources */,
				8232144D29CC5C130049D225 /* Extensions.swift in Sources */,
				8232142729CB87E90049D225 /* SceneDelegate.swift in Sources */,
			);
			runOnlyForDeploymentPostprocessing = 0;
		};
/* End PBXSourcesBuildPhase section */

/* Begin PBXVariantGroup section */
		8232142A29CB87E90049D225 /* Main.storyboard */ = {
			isa = PBXVariantGroup;
			children = (
				8232142B29CB87E90049D225 /* Base */,
			);
			name = Main.storyboard;
			sourceTree = "<group>";
		};
		8232142F29CB87EA0049D225 /* LaunchScreen.storyboard */ = {
			isa = PBXVariantGroup;
			children = (
				8232143029CB87EA0049D225 /* Base */,
			);
			name = LaunchScreen.storyboard;
			sourceTree = "<group>";
		};
/* End PBXVariantGroup section */

/* Begin XCBuildConfiguration section */
		8232143329CB87EA0049D225 /* Debug */ = {
			isa = XCBuildConfiguration;
			buildSettings = {
				ALWAYS_SEARCH_USER_PATHS = NO;
				CLANG_ANALYZER_NONNULL = YES;
				CLANG_ANALYZER_NUMBER_OBJECT_CONVERSION = YES_AGGRESSIVE;
				CLANG_CXX_LANGUAGE_STANDARD = "gnu++17";
				CLANG_ENABLE_MODULES = YES;
				CLANG_ENABLE_OBJC_ARC = YES;
				CLANG_ENABLE_OBJC_WEAK = YES;
				CLANG_WARN_BLOCK_CAPTURE_AUTORELEASING = YES;
				CLANG_WARN_BOOL_CONVERSION = YES;
				CLANG_WARN_COMMA = YES;
				CLANG_WARN_CONSTANT_CONVERSION = YES;
				CLANG_WARN_DEPRECATED_OBJC_IMPLEMENTATIONS = YES;
				CLANG_WARN_DIRECT_OBJC_ISA_USAGE = YES_ERROR;
				CLANG_WARN_DOCUMENTATION_COMMENTS = YES;
				CLANG_WARN_EMPTY_BODY = YES;
				CLANG_WARN_ENUM_CONVERSION = YES;
				CLANG_WARN_INFINITE_RECURSION = YES;
				CLANG_WARN_INT_CONVERSION = YES;
				CLANG_WARN_NON_LITERAL_NULL_CONVERSION = YES;
				CLANG_WARN_OBJC_IMPLICIT_RETAIN_SELF = YES;
				CLANG_WARN_OBJC_LITERAL_CONVERSION = YES;
				CLANG_WARN_OBJC_ROOT_CLASS = YES_ERROR;
				CLANG_WARN_QUOTED_INCLUDE_IN_FRAMEWORK_HEADER = YES;
				CLANG_WARN_RANGE_LOOP_ANALYSIS = YES;
				CLANG_WARN_STRICT_PROTOTYPES = YES;
				CLANG_WARN_SUSPICIOUS_MOVE = YES;
				CLANG_WARN_UNGUARDED_AVAILABILITY = YES_AGGRESSIVE;
				CLANG_WARN_UNREACHABLE_CODE = YES;
				CLANG_WARN__DUPLICATE_METHOD_MATCH = YES;
				COPY_PHASE_STRIP = NO;
				DEBUG_INFORMATION_FORMAT = dwarf;
				ENABLE_STRICT_OBJC_MSGSEND = YES;
				ENABLE_TESTABILITY = YES;
				GCC_C_LANGUAGE_STANDARD = gnu11;
				GCC_DYNAMIC_NO_PIC = NO;
				GCC_NO_COMMON_BLOCKS = YES;
				GCC_OPTIMIZATION_LEVEL = 0;
				GCC_PREPROCESSOR_DEFINITIONS = (
					"DEBUG=1",
					"$(inherited)",
				);
				GCC_WARN_64_TO_32_BIT_CONVERSION = YES;
				GCC_WARN_ABOUT_RETURN_TYPE = YES_ERROR;
				GCC_WARN_UNDECLARED_SELECTOR = YES;
				GCC_WARN_UNINITIALIZED_AUTOS = YES_AGGRESSIVE;
				GCC_WARN_UNUSED_FUNCTION = YES;
				GCC_WARN_UNUSED_VARIABLE = YES;
				IPHONEOS_DEPLOYMENT_TARGET = 15.5;
				MTL_ENABLE_DEBUG_INFO = INCLUDE_SOURCE;
				MTL_FAST_MATH = YES;
				ONLY_ACTIVE_ARCH = YES;
				SDKROOT = iphoneos;
				SWIFT_ACTIVE_COMPILATION_CONDITIONS = DEBUG;
				SWIFT_OPTIMIZATION_LEVEL = "-Onone";
			};
			name = Debug;
		};
		8232143429CB87EA0049D225 /* Release */ = {
			isa = XCBuildConfiguration;
			buildSettings = {
				ALWAYS_SEARCH_USER_PATHS = NO;
				CLANG_ANALYZER_NONNULL = YES;
				CLANG_ANALYZER_NUMBER_OBJECT_CONVERSION = YES_AGGRESSIVE;
				CLANG_CXX_LANGUAGE_STANDARD = "gnu++17";
				CLANG_ENABLE_MODULES = YES;
				CLANG_ENABLE_OBJC_ARC = YES;
				CLANG_ENABLE_OBJC_WEAK = YES;
				CLANG_WARN_BLOCK_CAPTURE_AUTORELEASING = YES;
				CLANG_WARN_BOOL_CONVERSION = YES;
				CLANG_WARN_COMMA = YES;
				CLANG_WARN_CONSTANT_CONVERSION = YES;
				CLANG_WARN_DEPRECATED_OBJC_IMPLEMENTATIONS = YES;
				CLANG_WARN_DIRECT_OBJC_ISA_USAGE = YES_ERROR;
				CLANG_WARN_DOCUMENTATION_COMMENTS = YES;
				CLANG_WARN_EMPTY_BODY = YES;
				CLANG_WARN_ENUM_CONVERSION = YES;
				CLANG_WARN_INFINITE_RECURSION = YES;
				CLANG_WARN_INT_CONVERSION = YES;
				CLANG_WARN_NON_LITERAL_NULL_CONVERSION = YES;
				CLANG_WARN_OBJC_IMPLICIT_RETAIN_SELF = YES;
				CLANG_WARN_OBJC_LITERAL_CONVERSION = YES;
				CLANG_WARN_OBJC_ROOT_CLASS = YES_ERROR;
				CLANG_WARN_QUOTED_INCLUDE_IN_FRAMEWORK_HEADER = YES;
				CLANG_WARN_RANGE_LOOP_ANALYSIS = YES;
				CLANG_WARN_STRICT_PROTOTYPES = YES;
				CLANG_WARN_SUSPICIOUS_MOVE = YES;
				CLANG_WARN_UNGUARDED_AVAILABILITY = YES_AGGRESSIVE;
				CLANG_WARN_UNREACHABLE_CODE = YES;
				CLANG_WARN__DUPLICATE_METHOD_MATCH = YES;
				COPY_PHASE_STRIP = NO;
				DEBUG_INFORMATION_FORMAT = "dwarf-with-dsym";
				ENABLE_NS_ASSERTIONS = NO;
				ENABLE_STRICT_OBJC_MSGSEND = YES;
				GCC_C_LANGUAGE_STANDARD = gnu11;
				GCC_NO_COMMON_BLOCKS = YES;
				GCC_WARN_64_TO_32_BIT_CONVERSION = YES;
				GCC_WARN_ABOUT_RETURN_TYPE = YES_ERROR;
				GCC_WARN_UNDECLARED_SELECTOR = YES;
				GCC_WARN_UNINITIALIZED_AUTOS = YES_AGGRESSIVE;
				GCC_WARN_UNUSED_FUNCTION = YES;
				GCC_WARN_UNUSED_VARIABLE = YES;
				IPHONEOS_DEPLOYMENT_TARGET = 15.5;
				MTL_ENABLE_DEBUG_INFO = NO;
				MTL_FAST_MATH = YES;
				SDKROOT = iphoneos;
				SWIFT_COMPILATION_MODE = wholemodule;
				SWIFT_OPTIMIZATION_LEVEL = "-O";
				VALIDATE_PRODUCT = YES;
			};
			name = Release;
		};
		8232143629CB87EA0049D225 /* Debug */ = {
			isa = XCBuildConfiguration;
			buildSettings = {
				ASSETCATALOG_COMPILER_APPICON_NAME = AppIcon;
				ASSETCATALOG_COMPILER_GLOBAL_ACCENT_COLOR_NAME = AccentColor;
				CODE_SIGN_STYLE = Automatic;
				CURRENT_PROJECT_VERSION = 1;
				DEVELOPMENT_TEAM = 85M28389DX;
				GENERATE_INFOPLIST_FILE = YES;
				INFOPLIST_FILE = InstagramCloneMVVM/Info.plist;
				INFOPLIST_KEY_UIApplicationSupportsIndirectInputEvents = YES;
				INFOPLIST_KEY_UILaunchStoryboardName = LaunchScreen;
				INFOPLIST_KEY_UIMainStoryboardFile = Main;
				INFOPLIST_KEY_UISupportedInterfaceOrientations_iPad = "UIInterfaceOrientationPortrait UIInterfaceOrientationPortraitUpsideDown UIInterfaceOrientationLandscapeLeft UIInterfaceOrientationLandscapeRight";
				INFOPLIST_KEY_UISupportedInterfaceOrientations_iPhone = "UIInterfaceOrientationPortrait UIInterfaceOrientationLandscapeLeft UIInterfaceOrientationLandscapeRight";
				LD_RUNPATH_SEARCH_PATHS = (
					"$(inherited)",
					"@executable_path/Frameworks",
				);
				MARKETING_VERSION = 1.0;
				PRODUCT_BUNDLE_IDENTIFIER = com.hilmihancalisan.InstagramCloneMVVM;
				PRODUCT_NAME = "$(TARGET_NAME)";
				SWIFT_EMIT_LOC_STRINGS = YES;
				SWIFT_VERSION = 5.0;
				TARGETED_DEVICE_FAMILY = "1,2";
			};
			name = Debug;
		};
		8232143729CB87EA0049D225 /* Release */ = {
			isa = XCBuildConfiguration;
			buildSettings = {
				ASSETCATALOG_COMPILER_APPICON_NAME = AppIcon;
				ASSETCATALOG_COMPILER_GLOBAL_ACCENT_COLOR_NAME = AccentColor;
				CODE_SIGN_STYLE = Automatic;
				CURRENT_PROJECT_VERSION = 1;
				DEVELOPMENT_TEAM = 85M28389DX;
				GENERATE_INFOPLIST_FILE = YES;
				INFOPLIST_FILE = InstagramCloneMVVM/Info.plist;
				INFOPLIST_KEY_UIApplicationSupportsIndirectInputEvents = YES;
				INFOPLIST_KEY_UILaunchStoryboardName = LaunchScreen;
				INFOPLIST_KEY_UIMainStoryboardFile = Main;
				INFOPLIST_KEY_UISupportedInterfaceOrientations_iPad = "UIInterfaceOrientationPortrait UIInterfaceOrientationPortraitUpsideDown UIInterfaceOrientationLandscapeLeft UIInterfaceOrientationLandscapeRight";
				INFOPLIST_KEY_UISupportedInterfaceOrientations_iPhone = "UIInterfaceOrientationPortrait UIInterfaceOrientationLandscapeLeft UIInterfaceOrientationLandscapeRight";
				LD_RUNPATH_SEARCH_PATHS = (
					"$(inherited)",
					"@executable_path/Frameworks",
				);
				MARKETING_VERSION = 1.0;
				PRODUCT_BUNDLE_IDENTIFIER = com.hilmihancalisan.InstagramCloneMVVM;
				PRODUCT_NAME = "$(TARGET_NAME)";
				SWIFT_EMIT_LOC_STRINGS = YES;
				SWIFT_VERSION = 5.0;
				TARGETED_DEVICE_FAMILY = "1,2";
			};
			name = Release;
		};
/* End XCBuildConfiguration section */

/* Begin XCConfigurationList section */
		8232141C29CB87E90049D225 /* Build configuration list for PBXProject "InstagramCloneMVVM" */ = {
			isa = XCConfigurationList;
			buildConfigurations = (
				8232143329CB87EA0049D225 /* Debug */,
				8232143429CB87EA0049D225 /* Release */,
			);
			defaultConfigurationIsVisible = 0;
			defaultConfigurationName = Release;
		};
		8232143529CB87EA0049D225 /* Build configuration list for PBXNativeTarget "InstagramCloneMVVM" */ = {
			isa = XCConfigurationList;
			buildConfigurations = (
				8232143629CB87EA0049D225 /* Debug */,
				8232143729CB87EA0049D225 /* Release */,
			);
			defaultConfigurationIsVisible = 0;
			defaultConfigurationName = Release;
		};
/* End XCConfigurationList section */

/* Begin XCRemoteSwiftPackageReference section */
		8232144E29CC5EE80049D225 /* XCRemoteSwiftPackageReference "JGProgressHUD" */ = {
			isa = XCRemoteSwiftPackageReference;
			repositoryURL = "https://github.com/JonasGessner/JGProgressHUD.git";
			requirement = {
				branch = master;
				kind = branch;
			};
		};
/* End XCRemoteSwiftPackageReference section */

/* Begin XCSwiftPackageProductDependency section */
		8232144F29CC5EE80049D225 /* JGProgressHUD */ = {
			isa = XCSwiftPackageProductDependency;
			package = 8232144E29CC5EE80049D225 /* XCRemoteSwiftPackageReference "JGProgressHUD" */;
			productName = JGProgressHUD;
		};
/* End XCSwiftPackageProductDependency section */
	};
	rootObject = 8232141929CB87E90049D225 /* Project object */;
}
